
Microsoft Visual Studio Solution File, Format Version 12.00
# Visual Studio Version 16
VisualStudioVersion = 16.0.29728.190
MinimumVisualStudioVersion = 10.0.40219.1
Project("{8BC9CEB8-8B4A-11D0-8D11-00A0C91BC942}") = "01_enum", "01_enum\Content1_enum.vcxproj", "{F59C2EE9-61F5-42E8-98A4-884DB2D7BE6F}"
EndProject
Project("{8BC9CEB8-8B4A-11D0-8D11-00A0C91BC942}") = "02_inline", "02_inline\Content2_inline.vcxproj", "{9DEBB210-11DB-4277-82EE-72AA99D53CE1}"
EndProject
Project("{8BC9CEB8-8B4A-11D0-8D11-00A0C91BC942}") = "03_template", "03_template\Content3_template.vcxproj", "{D2246FDF-C389-4708-8341-2CBD4E63793B}"
EndProject
Project("{8BC9CEB8-8B4A-11D0-8D11-00A0C91BC942}") = "04_Constant", "04_Constant\Content4_Constant.vcxproj", "{8565E78B-0CFB-4BAB-887F-509F6D623BCC}"
EndProject
Project("{8BC9CEB8-8B4A-11D0-8D11-00A0C91BC942}") = "05_const", "05_const\Content5_const.vcxproj", "{65717009-B4E9-4427-82EB-6C005FE33942}"
EndProject
Project("{8BC9CEB8-8B4A-11D0-8D11-00A0C91BC942}") = "07_memory_error", "07_memory_error\Content7_memory_error.vcxproj", "{20DE46AF-C2E0-4394-8C6C-3868EC5D8E06}"
EndProject
Project("{8BC9CEB8-8B4A-11D0-8D11-00A0C91BC942}") = "08_memory_point", "08_memory_point\Content8_memory_point.vcxproj", "{AE5CBB0D-59BB-4F92-AD3A-6CE596E074D9}"
EndProject
Project("{8BC9CEB8-8B4A-11D0-8D11-00A0C91BC942}") = "09_complex", "09_complex\Content9_complex.vcxproj", "{5BBF6B61-093F-4ED7-B4F7-C9A556EA333B}"
EndProject
Project("{8BC9CEB8-8B4A-11D0-8D11-00A0C91BC942}") = "10_stl_vector", "10_stl_vector\10_stl_vector.vcxproj", "{51C2A164-0554-4D0C-86B8-BC9FBF81022E}"
EndProject
Project("{8BC9CEB8-8B4A-11D0-8D11-00A0C91BC942}") = "11_template_instance", "11_template_instance\11_template_instance.vcxproj", "{C3413DBF-4711-442D-B912-099365C9C5FD}"
EndProject
Project("{8BC9CEB8-8B4A-11D0-8D11-00A0C91BC942}") = "12_thread", "12_thread\12_thread.vcxproj", "{C5F983D9-456F-44D2-BF0F-30445BC41280}"
EndProject
Project("{8BC9CEB8-8B4A-11D0-8D11-00A0C91BC942}") = "13_string", "13_string\13_string.vcxproj", "{AECFC2E6-1D9E-4868-9512-DEF957C5C319}"
EndProject
Project("{8BC9CEB8-8B4A-11D0-8D11-00A0C91BC942}") = "14_command", "14_command\14_command.vcxproj", "{9CE33051-0173-4C27-A7FF-37A15E97446C}"
EndProject
Project("{8BC9CEB8-8B4A-11D0-8D11-00A0C91BC942}") = "15_function", "15_function\15_function.vcxproj", "{0E6B1B30-C99D-4B8E-B3CB-306B85B15EC0}"
EndProject
Project("{8BC9CEB8-8B4A-11D0-8D11-00A0C91BC942}") = "16_CallBackFunction", "16_CallBackFunction\16_CallBackFunction.vcxproj", "{B887B174-27B6-4AA8-A739-44A206D4FBAF}"
EndProject
Project("{8BC9CEB8-8B4A-11D0-8D11-00A0C91BC942}") = "17_Lambda", "17_Lambda\17_Lambda.vcxproj", "{A212EA32-8DCB-404F-B3A2-AF966FCE31EC}"
EndProject
Project("{8BC9CEB8-8B4A-11D0-8D11-00A0C91BC942}") = "18_Virtual", "18_Virtual\18_Virtual.vcxproj", "{FD37277D-E69E-4EA5-BE3D-23B25EC44482}"
EndProject
Project("{8BC9CEB8-8B4A-11D0-8D11-00A0C91BC942}") = "19_RTTI", "19_RTTI\19_RTTI.vcxproj", "{527FBE5A-A559-4E0C-9DA0-CB8CAE107BE0}"
EndProject
Global
	GlobalSection(SolutionConfigurationPlatforms) = preSolution
		Debug|x64 = Debug|x64
		Debug|x86 = Debug|x86
		Release|x64 = Release|x64
		Release|x86 = Release|x86
	EndGlobalSection
	GlobalSection(ProjectConfigurationPlatforms) = postSolution
		{F59C2EE9-61F5-42E8-98A4-884DB2D7BE6F}.Debug|x64.ActiveCfg = Debug|x64
		{F59C2EE9-61F5-42E8-98A4-884DB2D7BE6F}.Debug|x64.Build.0 = Debug|x64
		{F59C2EE9-61F5-42E8-98A4-884DB2D7BE6F}.Debug|x86.ActiveCfg = Debug|Win32
		{F59C2EE9-61F5-42E8-98A4-884DB2D7BE6F}.Debug|x86.Build.0 = Debug|Win32
		{F59C2EE9-61F5-42E8-98A4-884DB2D7BE6F}.Release|x64.ActiveCfg = Release|x64
		{F59C2EE9-61F5-42E8-98A4-884DB2D7BE6F}.Release|x64.Build.0 = Release|x64
		{F59C2EE9-61F5-42E8-98A4-884DB2D7BE6F}.Release|x86.ActiveCfg = Release|Win32
		{F59C2EE9-61F5-42E8-98A4-884DB2D7BE6F}.Release|x86.Build.0 = Release|Win32
		{9DEBB210-11DB-4277-82EE-72AA99D53CE1}.Debug|x64.ActiveCfg = Debug|x64
		{9DEBB210-11DB-4277-82EE-72AA99D53CE1}.Debug|x64.Build.0 = Debug|x64
		{9DEBB210-11DB-4277-82EE-72AA99D53CE1}.Debug|x86.ActiveCfg = Debug|Win32
		{9DEBB210-11DB-4277-82EE-72AA99D53CE1}.Debug|x86.Build.0 = Debug|Win32
		{9DEBB210-11DB-4277-82EE-72AA99D53CE1}.Release|x64.ActiveCfg = Release|x64
		{9DEBB210-11DB-4277-82EE-72AA99D53CE1}.Release|x64.Build.0 = Release|x64
		{9DEBB210-11DB-4277-82EE-72AA99D53CE1}.Release|x86.ActiveCfg = Release|Win32
		{9DEBB210-11DB-4277-82EE-72AA99D53CE1}.Release|x86.Build.0 = Release|Win32
		{D2246FDF-C389-4708-8341-2CBD4E63793B}.Debug|x64.ActiveCfg = Debug|x64
		{D2246FDF-C389-4708-8341-2CBD4E63793B}.Debug|x64.Build.0 = Debug|x64
		{D2246FDF-C389-4708-8341-2CBD4E63793B}.Debug|x86.ActiveCfg = Debug|Win32
		{D2246FDF-C389-4708-8341-2CBD4E63793B}.Debug|x86.Build.0 = Debug|Win32
		{D2246FDF-C389-4708-8341-2CBD4E63793B}.Release|x64.ActiveCfg = Release|x64
		{D2246FDF-C389-4708-8341-2CBD4E63793B}.Release|x64.Build.0 = Release|x64
		{D2246FDF-C389-4708-8341-2CBD4E63793B}.Release|x86.ActiveCfg = Release|Win32
		{D2246FDF-C389-4708-8341-2CBD4E63793B}.Release|x86.Build.0 = Release|Win32
		{8565E78B-0CFB-4BAB-887F-509F6D623BCC}.Debug|x64.ActiveCfg = Debug|x64
		{8565E78B-0CFB-4BAB-887F-509F6D623BCC}.Debug|x64.Build.0 = Debug|x64
		{8565E78B-0CFB-4BAB-887F-509F6D623BCC}.Debug|x86.ActiveCfg = Debug|Win32
		{8565E78B-0CFB-4BAB-887F-509F6D623BCC}.Debug|x86.Build.0 = Debug|Win32
		{8565E78B-0CFB-4BAB-887F-509F6D623BCC}.Release|x64.ActiveCfg = Release|x64
		{8565E78B-0CFB-4BAB-887F-509F6D623BCC}.Release|x64.Build.0 = Release|x64
		{8565E78B-0CFB-4BAB-887F-509F6D623BCC}.Release|x86.ActiveCfg = Release|Win32
		{8565E78B-0CFB-4BAB-887F-509F6D623BCC}.Release|x86.Build.0 = Release|Win32
		{65717009-B4E9-4427-82EB-6C005FE33942}.Debug|x64.ActiveCfg = Debug|x64
		{65717009-B4E9-4427-82EB-6C005FE33942}.Debug|x64.Build.0 = Debug|x64
		{65717009-B4E9-4427-82EB-6C005FE33942}.Debug|x86.ActiveCfg = Debug|Win32
		{65717009-B4E9-4427-82EB-6C005FE33942}.Debug|x86.Build.0 = Debug|Win32
		{65717009-B4E9-4427-82EB-6C005FE33942}.Release|x64.ActiveCfg = Release|x64
		{65717009-B4E9-4427-82EB-6C005FE33942}.Release|x64.Build.0 = Release|x64
		{65717009-B4E9-4427-82EB-6C005FE33942}.Release|x86.ActiveCfg = Release|Win32
		{65717009-B4E9-4427-82EB-6C005FE33942}.Release|x86.Build.0 = Release|Win32
		{20DE46AF-C2E0-4394-8C6C-3868EC5D8E06}.Debug|x64.ActiveCfg = Debug|x64
		{20DE46AF-C2E0-4394-8C6C-3868EC5D8E06}.Debug|x64.Build.0 = Debug|x64
		{20DE46AF-C2E0-4394-8C6C-3868EC5D8E06}.Debug|x86.ActiveCfg = Debug|Win32
		{20DE46AF-C2E0-4394-8C6C-3868EC5D8E06}.Debug|x86.Build.0 = Debug|Win32
		{20DE46AF-C2E0-4394-8C6C-3868EC5D8E06}.Release|x64.ActiveCfg = Release|x64
		{20DE46AF-C2E0-4394-8C6C-3868EC5D8E06}.Release|x64.Build.0 = Release|x64
		{20DE46AF-C2E0-4394-8C6C-3868EC5D8E06}.Release|x86.ActiveCfg = Release|Win32
		{20DE46AF-C2E0-4394-8C6C-3868EC5D8E06}.Release|x86.Build.0 = Release|Win32
		{AE5CBB0D-59BB-4F92-AD3A-6CE596E074D9}.Debug|x64.ActiveCfg = Debug|x64
		{AE5CBB0D-59BB-4F92-AD3A-6CE596E074D9}.Debug|x64.Build.0 = Debug|x64
		{AE5CBB0D-59BB-4F92-AD3A-6CE596E074D9}.Debug|x86.ActiveCfg = Debug|Win32
		{AE5CBB0D-59BB-4F92-AD3A-6CE596E074D9}.Debug|x86.Build.0 = Debug|Win32
		{AE5CBB0D-59BB-4F92-AD3A-6CE596E074D9}.Release|x64.ActiveCfg = Release|x64
		{AE5CBB0D-59BB-4F92-AD3A-6CE596E074D9}.Release|x64.Build.0 = Release|x64
		{AE5CBB0D-59BB-4F92-AD3A-6CE596E074D9}.Release|x86.ActiveCfg = Release|Win32
		{AE5CBB0D-59BB-4F92-AD3A-6CE596E074D9}.Release|x86.Build.0 = Release|Win32
		{5BBF6B61-093F-4ED7-B4F7-C9A556EA333B}.Debug|x64.ActiveCfg = Debug|x64
		{5BBF6B61-093F-4ED7-B4F7-C9A556EA333B}.Debug|x64.Build.0 = Debug|x64
		{5BBF6B61-093F-4ED7-B4F7-C9A556EA333B}.Debug|x86.ActiveCfg = Debug|Win32
		{5BBF6B61-093F-4ED7-B4F7-C9A556EA333B}.Debug|x86.Build.0 = Debug|Win32
		{5BBF6B61-093F-4ED7-B4F7-C9A556EA333B}.Release|x64.ActiveCfg = Release|x64
		{5BBF6B61-093F-4ED7-B4F7-C9A556EA333B}.Release|x64.Build.0 = Release|x64
		{5BBF6B61-093F-4ED7-B4F7-C9A556EA333B}.Release|x86.ActiveCfg = Release|Win32
		{5BBF6B61-093F-4ED7-B4F7-C9A556EA333B}.Release|x86.Build.0 = Release|Win32
		{51C2A164-0554-4D0C-86B8-BC9FBF81022E}.Debug|x64.ActiveCfg = Debug|x64
		{51C2A164-0554-4D0C-86B8-BC9FBF81022E}.Debug|x64.Build.0 = Debug|x64
		{51C2A164-0554-4D0C-86B8-BC9FBF81022E}.Debug|x86.ActiveCfg = Debug|Win32
		{51C2A164-0554-4D0C-86B8-BC9FBF81022E}.Debug|x86.Build.0 = Debug|Win32
		{51C2A164-0554-4D0C-86B8-BC9FBF81022E}.Release|x64.ActiveCfg = Release|x64
		{51C2A164-0554-4D0C-86B8-BC9FBF81022E}.Release|x64.Build.0 = Release|x64
		{51C2A164-0554-4D0C-86B8-BC9FBF81022E}.Release|x86.ActiveCfg = Release|Win32
		{51C2A164-0554-4D0C-86B8-BC9FBF81022E}.Release|x86.Build.0 = Release|Win32
		{C3413DBF-4711-442D-B912-099365C9C5FD}.Debug|x64.ActiveCfg = Debug|x64
		{C3413DBF-4711-442D-B912-099365C9C5FD}.Debug|x64.Build.0 = Debug|x64
		{C3413DBF-4711-442D-B912-099365C9C5FD}.Debug|x86.ActiveCfg = Debug|Win32
		{C3413DBF-4711-442D-B912-099365C9C5FD}.Debug|x86.Build.0 = Debug|Win32
		{C3413DBF-4711-442D-B912-099365C9C5FD}.Release|x64.ActiveCfg = Release|x64
		{C3413DBF-4711-442D-B912-099365C9C5FD}.Release|x64.Build.0 = Release|x64
		{C3413DBF-4711-442D-B912-099365C9C5FD}.Release|x86.ActiveCfg = Release|Win32
		{C3413DBF-4711-442D-B912-099365C9C5FD}.Release|x86.Build.0 = Release|Win32
		{C5F983D9-456F-44D2-BF0F-30445BC41280}.Debug|x64.ActiveCfg = Debug|x64
		{C5F983D9-456F-44D2-BF0F-30445BC41280}.Debug|x64.Build.0 = Debug|x64
		{C5F983D9-456F-44D2-BF0F-30445BC41280}.Debug|x86.ActiveCfg = Debug|Win32
		{C5F983D9-456F-44D2-BF0F-30445BC41280}.Debug|x86.Build.0 = Debug|Win32
		{C5F983D9-456F-44D2-BF0F-30445BC41280}.Release|x64.ActiveCfg = Release|x64
		{C5F983D9-456F-44D2-BF0F-30445BC41280}.Release|x64.Build.0 = Release|x64
		{C5F983D9-456F-44D2-BF0F-30445BC41280}.Release|x86.ActiveCfg = Release|Win32
		{C5F983D9-456F-44D2-BF0F-30445BC41280}.Release|x86.Build.0 = Release|Win32
		{AECFC2E6-1D9E-4868-9512-DEF957C5C319}.Debug|x64.ActiveCfg = Debug|x64
		{AECFC2E6-1D9E-4868-9512-DEF957C5C319}.Debug|x64.Build.0 = Debug|x64
		{AECFC2E6-1D9E-4868-9512-DEF957C5C319}.Debug|x86.ActiveCfg = Debug|Win32
		{AECFC2E6-1D9E-4868-9512-DEF957C5C319}.Debug|x86.Build.0 = Debug|Win32
		{AECFC2E6-1D9E-4868-9512-DEF957C5C319}.Release|x64.ActiveCfg = Release|x64
		{AECFC2E6-1D9E-4868-9512-DEF957C5C319}.Release|x64.Build.0 = Release|x64
		{AECFC2E6-1D9E-4868-9512-DEF957C5C319}.Release|x86.ActiveCfg = Release|Win32
		{AECFC2E6-1D9E-4868-9512-DEF957C5C319}.Release|x86.Build.0 = Release|Win32
		{9CE33051-0173-4C27-A7FF-37A15E97446C}.Debug|x64.ActiveCfg = Debug|x64
		{9CE33051-0173-4C27-A7FF-37A15E97446C}.Debug|x64.Build.0 = Debug|x64
		{9CE33051-0173-4C27-A7FF-37A15E97446C}.Debug|x86.ActiveCfg = Debug|Win32
		{9CE33051-0173-4C27-A7FF-37A15E97446C}.Debug|x86.Build.0 = Debug|Win32
		{9CE33051-0173-4C27-A7FF-37A15E97446C}.Release|x64.ActiveCfg = Release|x64
		{9CE33051-0173-4C27-A7FF-37A15E97446C}.Release|x64.Build.0 = Release|x64
		{9CE33051-0173-4C27-A7FF-37A15E97446C}.Release|x86.ActiveCfg = Release|Win32
		{9CE33051-0173-4C27-A7FF-37A15E97446C}.Release|x86.Build.0 = Release|Win32
		{0E6B1B30-C99D-4B8E-B3CB-306B85B15EC0}.Debug|x64.ActiveCfg = Debug|x64
		{0E6B1B30-C99D-4B8E-B3CB-306B85B15EC0}.Debug|x64.Build.0 = Debug|x64
		{0E6B1B30-C99D-4B8E-B3CB-306B85B15EC0}.Debug|x86.ActiveCfg = Debug|Win32
		{0E6B1B30-C99D-4B8E-B3CB-306B85B15EC0}.Debug|x86.Build.0 = Debug|Win32
		{0E6B1B30-C99D-4B8E-B3CB-306B85B15EC0}.Release|x64.ActiveCfg = Release|x64
		{0E6B1B30-C99D-4B8E-B3CB-306B85B15EC0}.Release|x64.Build.0 = Release|x64
		{0E6B1B30-C99D-4B8E-B3CB-306B85B15EC0}.Release|x86.ActiveCfg = Release|Win32
		{0E6B1B30-C99D-4B8E-B3CB-306B85B15EC0}.Release|x86.Build.0 = Release|Win32
		{B887B174-27B6-4AA8-A739-44A206D4FBAF}.Debug|x64.ActiveCfg = Debug|x64
		{B887B174-27B6-4AA8-A739-44A206D4FBAF}.Debug|x64.Build.0 = Debug|x64
		{B887B174-27B6-4AA8-A739-44A206D4FBAF}.Debug|x86.ActiveCfg = Debug|Win32
		{B887B174-27B6-4AA8-A739-44A206D4FBAF}.Debug|x86.Build.0 = Debug|Win32
		{B887B174-27B6-4AA8-A739-44A206D4FBAF}.Release|x64.ActiveCfg = Release|x64
		{B887B174-27B6-4AA8-A739-44A206D4FBAF}.Release|x64.Build.0 = Release|x64
		{B887B174-27B6-4AA8-A739-44A206D4FBAF}.Release|x86.ActiveCfg = Release|Win32
		{B887B174-27B6-4AA8-A739-44A206D4FBAF}.Release|x86.Build.0 = Release|Win32
		{A212EA32-8DCB-404F-B3A2-AF966FCE31EC}.Debug|x64.ActiveCfg = Debug|x64
		{A212EA32-8DCB-404F-B3A2-AF966FCE31EC}.Debug|x64.Build.0 = Debug|x64
		{A212EA32-8DCB-404F-B3A2-AF966FCE31EC}.Debug|x86.ActiveCfg = Debug|Win32
		{A212EA32-8DCB-404F-B3A2-AF966FCE31EC}.Debug|x86.Build.0 = Debug|Win32
		{A212EA32-8DCB-404F-B3A2-AF966FCE31EC}.Release|x64.ActiveCfg = Release|x64
		{A212EA32-8DCB-404F-B3A2-AF966FCE31EC}.Release|x64.Build.0 = Release|x64
		{A212EA32-8DCB-404F-B3A2-AF966FCE31EC}.Release|x86.ActiveCfg = Release|Win32
		{A212EA32-8DCB-404F-B3A2-AF966FCE31EC}.Release|x86.Build.0 = Release|Win32
		{FD37277D-E69E-4EA5-BE3D-23B25EC44482}.Debug|x64.ActiveCfg = Debug|x64
		{FD37277D-E69E-4EA5-BE3D-23B25EC44482}.Debug|x64.Build.0 = Debug|x64
		{FD37277D-E69E-4EA5-BE3D-23B25EC44482}.Debug|x86.ActiveCfg = Debug|Win32
		{FD37277D-E69E-4EA5-BE3D-23B25EC44482}.Debug|x86.Build.0 = Debug|Win32
		{FD37277D-E69E-4EA5-BE3D-23B25EC44482}.Release|x64.ActiveCfg = Release|x64
		{FD37277D-E69E-4EA5-BE3D-23B25EC44482}.Release|x64.Build.0 = Release|x64
		{FD37277D-E69E-4EA5-BE3D-23B25EC44482}.Release|x86.ActiveCfg = Release|Win32
		{FD37277D-E69E-4EA5-BE3D-23B25EC44482}.Release|x86.Build.0 = Release|Win32
		{527FBE5A-A559-4E0C-9DA0-CB8CAE107BE0}.Debug|x64.ActiveCfg = Debug|x64
		{527FBE5A-A559-4E0C-9DA0-CB8CAE107BE0}.Debug|x64.Build.0 = Debug|x64
		{527FBE5A-A559-4E0C-9DA0-CB8CAE107BE0}.Debug|x86.ActiveCfg = Debug|Win32
		{527FBE5A-A559-4E0C-9DA0-CB8CAE107BE0}.Debug|x86.Build.0 = Debug|Win32
		{527FBE5A-A559-4E0C-9DA0-CB8CAE107BE0}.Release|x64.ActiveCfg = Release|x64
		{527FBE5A-A559-4E0C-9DA0-CB8CAE107BE0}.Release|x64.Build.0 = Release|x64
		{527FBE5A-A559-4E0C-9DA0-CB8CAE107BE0}.Release|x86.ActiveCfg = Release|Win32
		{527FBE5A-A559-4E0C-9DA0-CB8CAE107BE0}.Release|x86.Build.0 = Release|Win32
	EndGlobalSection
	GlobalSection(SolutionProperties) = preSolution
		HideSolutionNode = FALSE
	EndGlobalSection
	GlobalSection(ExtensibilityGlobals) = postSolution
		SolutionGuid = {A802DA2E-F5D4-40E5-8951-4D7C93BA99E1}
	EndGlobalSection
EndGlobal
